
Microsoft Visual Studio Solution File, Format Version 12.00
# Visual Studio Version 17
VisualStudioVersion = 17.5.002.0
MinimumVisualStudioVersion = 10.0.40219.1
Project("{9A19103F-16F7-4668-BE54-9A1E7A4F7556}") = "ReadySolution", "ReadySolution.csproj", "{BF5C7206-4080-4928-89A4-CB00D081E55F}"
EndProject
Global
	GlobalSection(SolutionConfigurationPlatforms) = preSolution
		Debug|Any CPU = Debug|Any CPU
		Release|Any CPU = Release|Any CPU
	EndGlobalSection
	GlobalSection(ProjectConfigurationPlatforms) = postSolution
		{BF5C7206-4080-4928-89A4-CB00D081E55F}.Debug|Any CPU.ActiveCfg = Debug|Any CPU
		{BF5C7206-4080-4928-89A4-CB00D081E55F}.Debug|Any CPU.Build.0 = Debug|Any CPU
		{BF5C7206-4080-4928-89A4-CB00D081E55F}.Release|Any CPU.ActiveCfg = Release|Any CPU
		{BF5C7206-4080-4928-89A4-CB00D081E55F}.Release|Any CPU.Build.0 = Release|Any CPU
	EndGlobalSection
	GlobalSection(SolutionProperties) = preSolution
		HideSolutionNode = FALSE
	EndGlobalSection
	GlobalSection(ExtensibilityGlobals) = postSolution
		SolutionGuid = {08C1BBEB-70EC-48E6-B450-E018E30BEEA4}
	EndGlobalSection
EndGlobal
