
Microsoft Visual Studio Solution File, Format Version 12.00
# Visual Studio Version 17
VisualStudioVersion = 17.5.002.0
MinimumVisualStudioVersion = 10.0.40219.1
Project("{9A19103F-16F7-4668-BE54-9A1E7A4F7556}") = "Try1", "Try1.csproj", "{EEBF984F-7913-4B23-8CF0-53197EE849EF}"
EndProject
Global
	GlobalSection(SolutionConfigurationPlatforms) = preSolution
		Debug|Any CPU = Debug|Any CPU
		Release|Any CPU = Release|Any CPU
	EndGlobalSection
	GlobalSection(ProjectConfigurationPlatforms) = postSolution
		{EEBF984F-7913-4B23-8CF0-53197EE849EF}.Debug|Any CPU.ActiveCfg = Debug|Any CPU
		{EEBF984F-7913-4B23-8CF0-53197EE849EF}.Debug|Any CPU.Build.0 = Debug|Any CPU
		{EEBF984F-7913-4B23-8CF0-53197EE849EF}.Release|Any CPU.ActiveCfg = Release|Any CPU
		{EEBF984F-7913-4B23-8CF0-53197EE849EF}.Release|Any CPU.Build.0 = Release|Any CPU
	EndGlobalSection
	GlobalSection(SolutionProperties) = preSolution
		HideSolutionNode = FALSE
	EndGlobalSection
	GlobalSection(ExtensibilityGlobals) = postSolution
		SolutionGuid = {3CE343E5-7B09-4C8A-97B3-1E71D4E4DE68}
	EndGlobalSection
EndGlobal
