
Microsoft Visual Studio Solution File, Format Version 12.00
# Visual Studio Version 17
VisualStudioVersion = 17.8.34408.163
MinimumVisualStudioVersion = 10.0.40219.1
Project("{FAE04EC0-301F-11D3-BF4B-00C04F79EFBC}") = "SolutionsWithTests", "SolutionsWithTests\SolutionsWithTests.csproj", "{3E211A73-9723-4942-A286-1A5A4235CF13}"
EndProject
Global
	GlobalSection(SolutionConfigurationPlatforms) = preSolution
		Debug|Any CPU = Debug|Any CPU
		Release|Any CPU = Release|Any CPU
	EndGlobalSection
	GlobalSection(ProjectConfigurationPlatforms) = postSolution
		{3E211A73-9723-4942-A286-1A5A4235CF13}.Debug|Any CPU.ActiveCfg = Debug|Any CPU
		{3E211A73-9723-4942-A286-1A5A4235CF13}.Debug|Any CPU.Build.0 = Debug|Any CPU
		{3E211A73-9723-4942-A286-1A5A4235CF13}.Release|Any CPU.ActiveCfg = Release|Any CPU
		{3E211A73-9723-4942-A286-1A5A4235CF13}.Release|Any CPU.Build.0 = Release|Any CPU
	EndGlobalSection
	GlobalSection(SolutionProperties) = preSolution
		HideSolutionNode = FALSE
	EndGlobalSection
	GlobalSection(ExtensibilityGlobals) = postSolution
		SolutionGuid = {AD907D2C-148C-4FC7-B5CC-858BDFA9FE88}
	EndGlobalSection
EndGlobal
