
Microsoft Visual Studio Solution File, Format Version 12.00
# Visual Studio Version 17
VisualStudioVersion = 17.5.002.0
MinimumVisualStudioVersion = 10.0.40219.1
Project("{9A19103F-16F7-4668-BE54-9A1E7A4F7556}") = "ReadySolution", "ReadySolution.csproj", "{16B4DE54-B23D-4B8D-84CE-14B9D34CAE70}"
EndProject
Global
	GlobalSection(SolutionConfigurationPlatforms) = preSolution
		Debug|Any CPU = Debug|Any CPU
		Release|Any CPU = Release|Any CPU
	EndGlobalSection
	GlobalSection(ProjectConfigurationPlatforms) = postSolution
		{16B4DE54-B23D-4B8D-84CE-14B9D34CAE70}.Debug|Any CPU.ActiveCfg = Debug|Any CPU
		{16B4DE54-B23D-4B8D-84CE-14B9D34CAE70}.Debug|Any CPU.Build.0 = Debug|Any CPU
		{16B4DE54-B23D-4B8D-84CE-14B9D34CAE70}.Release|Any CPU.ActiveCfg = Release|Any CPU
		{16B4DE54-B23D-4B8D-84CE-14B9D34CAE70}.Release|Any CPU.Build.0 = Release|Any CPU
	EndGlobalSection
	GlobalSection(SolutionProperties) = preSolution
		HideSolutionNode = FALSE
	EndGlobalSection
	GlobalSection(ExtensibilityGlobals) = postSolution
		SolutionGuid = {ED821DE9-0A23-4F84-A04C-6412035B4DF5}
	EndGlobalSection
EndGlobal
